// !$*UTF8*$!
{
	archiveVersion = 1;
	classes = {
	};
	objectVersion = 46;
	objects = {

/* Begin PBXBuildFile section */
		421229C91B849C6600A5EC3E /* fairy.gif in Resources */ = {isa = PBXBuildFile; fileRef = 421229C81B849C6600A5EC3E /* fairy.gif */; };
		421229CB1B84B31100A5EC3E /* Functions.swift in Sources */ = {isa = PBXBuildFile; fileRef = 421229CA1B84B31100A5EC3E /* Functions.swift */; };
		421229CD1B84CA8600A5EC3E /* VideoOverlay.swift in Sources */ = {isa = PBXBuildFile; fileRef = 421229CC1B84CA8600A5EC3E /* VideoOverlay.swift */; };
		421229D21B84E41400A5EC3E /* Record.png in Resources */ = {isa = PBXBuildFile; fileRef = 421229D11B84E41400A5EC3E /* Record.png */; };
		421229D61B84EA9E00A5EC3E /* sampleAudio.mp3 in Resources */ = {isa = PBXBuildFile; fileRef = 421229D51B84EA9E00A5EC3E /* sampleAudio.mp3 */; };
		42165CD61B834D69004873D9 /* AppDelegate.swift in Sources */ = {isa = PBXBuildFile; fileRef = 42165CD51B834D69004873D9 /* AppDelegate.swift */; };
		42165CD81B834D69004873D9 /* ViewController.swift in Sources */ = {isa = PBXBuildFile; fileRef = 42165CD71B834D69004873D9 /* ViewController.swift */; };
		42165CDB1B834D69004873D9 /* Main.storyboard in Resources */ = {isa = PBXBuildFile; fileRef = 42165CD91B834D69004873D9 /* Main.storyboard */; };
		42165CDD1B834D69004873D9 /* Images.xcassets in Resources */ = {isa = PBXBuildFile; fileRef = 42165CDC1B834D69004873D9 /* Images.xcassets */; };
		42165CE01B834D69004873D9 /* LaunchScreen.xib in Resources */ = {isa = PBXBuildFile; fileRef = 42165CDE1B834D69004873D9 /* LaunchScreen.xib */; };
		42165CEC1B834D69004873D9 /* VideoOverlayAnimationTests.swift in Sources */ = {isa = PBXBuildFile; fileRef = 42165CEB1B834D69004873D9 /* VideoOverlayAnimationTests.swift */; };
		42165CF61B835622004873D9 /* sample.mp4 in Resources */ = {isa = PBXBuildFile; fileRef = 42165CF51B8355F7004873D9 /* sample.mp4 */; };
		42165CF81B835BE1004873D9 /* AudioVideoMerge.swift in Sources */ = {isa = PBXBuildFile; fileRef = 42165CF71B835BE1004873D9 /* AudioVideoMerge.swift */; };
		4233470D1B85D38700D3293D /* FairyAnimationVC.swift in Sources */ = {isa = PBXBuildFile; fileRef = 4233470C1B85D38700D3293D /* FairyAnimationVC.swift */; };
		4233470F1B860E6500D3293D /* glow.png in Resources */ = {isa = PBXBuildFile; fileRef = 4233470E1B860E6500D3293D /* glow.png */; };
		423347111B86218600D3293D /* TFFairyDust.swift in Sources */ = {isa = PBXBuildFile; fileRef = 423347101B86218600D3293D /* TFFairyDust.swift */; };
/* End PBXBuildFile section */

/* Begin PBXContainerItemProxy section */
		42165CE61B834D69004873D9 /* PBXContainerItemProxy */ = {
			isa = PBXContainerItemProxy;
			containerPortal = 42165CC81B834D69004873D9 /* Project object */;
			proxyType = 1;
			remoteGlobalIDString = 42165CCF1B834D69004873D9;
			remoteInfo = VideoOverlayAnimation;
		};
/* End PBXContainerItemProxy section */

/* Begin PBXFileReference section */
		421229C81B849C6600A5EC3E /* fairy.gif */ = {isa = PBXFileReference; lastKnownFileType = image.gif; path = fairy.gif; sourceTree = "<group>"; };
		421229CA1B84B31100A5EC3E /* Functions.swift */ = {isa = PBXFileReference; fileEncoding = 4; lastKnownFileType = sourcecode.swift; path = Functions.swift; sourceTree = "<group>"; };
		421229CC1B84CA8600A5EC3E /* VideoOverlay.swift */ = {isa = PBXFileReference; fileEncoding = 4; lastKnownFileType = sourcecode.swift; path = VideoOverlay.swift; sourceTree = "<group>"; };
		421229D11B84E41400A5EC3E /* Record.png */ = {isa = PBXFileReference; lastKnownFileType = image.png; path = Record.png; sourceTree = "<group>"; };
		421229D51B84EA9E00A5EC3E /* sampleAudio.mp3 */ = {isa = PBXFileReference; lastKnownFileType = audio.mp3; path = sampleAudio.mp3; sourceTree = "<group>"; };
		42165CD01B834D69004873D9 /* VideoOverlayAnimation.app */ = {isa = PBXFileReference; explicitFileType = wrapper.application; includeInIndex = 0; path = VideoOverlayAnimation.app; sourceTree = BUILT_PRODUCTS_DIR; };
		42165CD41B834D69004873D9 /* Info.plist */ = {isa = PBXFileReference; lastKnownFileType = text.plist.xml; path = Info.plist; sourceTree = "<group>"; };
		42165CD51B834D69004873D9 /* AppDelegate.swift */ = {isa = PBXFileReference; lastKnownFileType = sourcecode.swift; path = AppDelegate.swift; sourceTree = "<group>"; };
		42165CD71B834D69004873D9 /* ViewController.swift */ = {isa = PBXFileReference; lastKnownFileType = sourcecode.swift; path = ViewController.swift; sourceTree = "<group>"; };
		42165CDA1B834D69004873D9 /* Base */ = {isa = PBXFileReference; lastKnownFileType = file.storyboard; name = Base; path = Base.lproj/Main.storyboard; sourceTree = "<group>"; };
		42165CDC1B834D69004873D9 /* Images.xcassets */ = {isa = PBXFileReference; lastKnownFileType = folder.assetcatalog; path = Images.xcassets; sourceTree = "<group>"; };
		42165CDF1B834D69004873D9 /* Base */ = {isa = PBXFileReference; lastKnownFileType = file.xib; name = Base; path = Base.lproj/LaunchScreen.xib; sourceTree = "<group>"; };
		42165CE51B834D69004873D9 /* VideoOverlayAnimationTests.xctest */ = {isa = PBXFileReference; explicitFileType = wrapper.cfbundle; includeInIndex = 0; path = VideoOverlayAnimationTests.xctest; sourceTree = BUILT_PRODUCTS_DIR; };
		42165CEA1B834D69004873D9 /* Info.plist */ = {isa = PBXFileReference; lastKnownFileType = text.plist.xml; path = Info.plist; sourceTree = "<group>"; };
		42165CEB1B834D69004873D9 /* VideoOverlayAnimationTests.swift */ = {isa = PBXFileReference; lastKnownFileType = sourcecode.swift; path = VideoOverlayAnimationTests.swift; sourceTree = "<group>"; };
		42165CF51B8355F7004873D9 /* sample.mp4 */ = {isa = PBXFileReference; lastKnownFileType = file; path = sample.mp4; sourceTree = "<group>"; };
		42165CF71B835BE1004873D9 /* AudioVideoMerge.swift */ = {isa = PBXFileReference; fileEncoding = 4; lastKnownFileType = sourcecode.swift; path = AudioVideoMerge.swift; sourceTree = "<group>"; };
		4233470C1B85D38700D3293D /* FairyAnimationVC.swift */ = {isa = PBXFileReference; fileEncoding = 4; lastKnownFileType = sourcecode.swift; path = FairyAnimationVC.swift; sourceTree = "<group>"; };
		4233470E1B860E6500D3293D /* glow.png */ = {isa = PBXFileReference; lastKnownFileType = image.png; path = glow.png; sourceTree = "<group>"; };
		423347101B86218600D3293D /* TFFairyDust.swift */ = {isa = PBXFileReference; fileEncoding = 4; lastKnownFileType = sourcecode.swift; path = TFFairyDust.swift; sourceTree = "<group>"; };
/* End PBXFileReference section */

/* Begin PBXFrameworksBuildPhase section */
		42165CCD1B834D69004873D9 /* Frameworks */ = {
			isa = PBXFrameworksBuildPhase;
			buildActionMask = 2147483647;
			files = (
			);
			runOnlyForDeploymentPostprocessing = 0;
		};
		42165CE21B834D69004873D9 /* Frameworks */ = {
			isa = PBXFrameworksBuildPhase;
			buildActionMask = 2147483647;
			files = (
			);
			runOnlyForDeploymentPostprocessing = 0;
		};
/* End PBXFrameworksBuildPhase section */

/* Begin PBXGroup section */
		421229D01B84D7CA00A5EC3E /* Samples */ = {
			isa = PBXGroup;
			children = (
				4233470E1B860E6500D3293D /* glow.png */,
				42165CF51B8355F7004873D9 /* sample.mp4 */,
				421229D51B84EA9E00A5EC3E /* sampleAudio.mp3 */,
				421229D11B84E41400A5EC3E /* Record.png */,
				421229C81B849C6600A5EC3E /* fairy.gif */,
			);
			name = Samples;
			sourceTree = "<group>";
		};
		42165CC71B834D69004873D9 = {
			isa = PBXGroup;
			children = (
				42165CD21B834D69004873D9 /* VideoOverlayAnimation */,
				42165CE81B834D69004873D9 /* VideoOverlayAnimationTests */,
				42165CD11B834D69004873D9 /* Products */,
			);
			sourceTree = "<group>";
		};
		42165CD11B834D69004873D9 /* Products */ = {
			isa = PBXGroup;
			children = (
				42165CD01B834D69004873D9 /* VideoOverlayAnimation.app */,
				42165CE51B834D69004873D9 /* VideoOverlayAnimationTests.xctest */,
			);
			name = Products;
			sourceTree = "<group>";
		};
		42165CD21B834D69004873D9 /* VideoOverlayAnimation */ = {
			isa = PBXGroup;
			children = (
				421229D01B84D7CA00A5EC3E /* Samples */,
				4233470B1B85D32E00D3293D /* APIs and Functions */,
				42165CD51B834D69004873D9 /* AppDelegate.swift */,
				42165CD71B834D69004873D9 /* ViewController.swift */,
				4233470C1B85D38700D3293D /* FairyAnimationVC.swift */,
				42165CD91B834D69004873D9 /* Main.storyboard */,
				42165CDC1B834D69004873D9 /* Images.xcassets */,
				42165CDE1B834D69004873D9 /* LaunchScreen.xib */,
				42165CD31B834D69004873D9 /* Supporting Files */,
			);
			path = VideoOverlayAnimation;
			sourceTree = "<group>";
		};
		42165CD31B834D69004873D9 /* Supporting Files */ = {
			isa = PBXGroup;
			children = (
				42165CD41B834D69004873D9 /* Info.plist */,
			);
			name = "Supporting Files";
			sourceTree = "<group>";
		};
		42165CE81B834D69004873D9 /* VideoOverlayAnimationTests */ = {
			isa = PBXGroup;
			children = (
				42165CEB1B834D69004873D9 /* VideoOverlayAnimationTests.swift */,
				42165CE91B834D69004873D9 /* Supporting Files */,
			);
			path = VideoOverlayAnimationTests;
			sourceTree = "<group>";
		};
		42165CE91B834D69004873D9 /* Supporting Files */ = {
			isa = PBXGroup;
			children = (
				42165CEA1B834D69004873D9 /* Info.plist */,
			);
			name = "Supporting Files";
			sourceTree = "<group>";
		};
		4233470B1B85D32E00D3293D /* APIs and Functions */ = {
			isa = PBXGroup;
			children = (
				42165CF71B835BE1004873D9 /* AudioVideoMerge.swift */,
				421229CC1B84CA8600A5EC3E /* VideoOverlay.swift */,
				421229CA1B84B31100A5EC3E /* Functions.swift */,
				423347101B86218600D3293D /* TFFairyDust.swift */,
			);
			name = "APIs and Functions";
			sourceTree = "<group>";
		};
/* End PBXGroup section */

/* Begin PBXNativeTarget section */
		42165CCF1B834D69004873D9 /* VideoOverlayAnimation */ = {
			isa = PBXNativeTarget;
			buildConfigurationList = 42165CEF1B834D69004873D9 /* Build configuration list for PBXNativeTarget "VideoOverlayAnimation" */;
			buildPhases = (
				42165CCC1B834D69004873D9 /* Sources */,
				42165CCD1B834D69004873D9 /* Frameworks */,
				42165CCE1B834D69004873D9 /* Resources */,
			);
			buildRules = (
			);
			dependencies = (
			);
			name = VideoOverlayAnimation;
			productName = VideoOverlayAnimation;
			productReference = 42165CD01B834D69004873D9 /* VideoOverlayAnimation.app */;
			productType = "com.apple.product-type.application";
		};
		42165CE41B834D69004873D9 /* VideoOverlayAnimationTests */ = {
			isa = PBXNativeTarget;
			buildConfigurationList = 42165CF21B834D69004873D9 /* Build configuration list for PBXNativeTarget "VideoOverlayAnimationTests" */;
			buildPhases = (
				42165CE11B834D69004873D9 /* Sources */,
				42165CE21B834D69004873D9 /* Frameworks */,
				42165CE31B834D69004873D9 /* Resources */,
			);
			buildRules = (
			);
			dependencies = (
				42165CE71B834D69004873D9 /* PBXTargetDependency */,
			);
			name = VideoOverlayAnimationTests;
			productName = VideoOverlayAnimationTests;
			productReference = 42165CE51B834D69004873D9 /* VideoOverlayAnimationTests.xctest */;
			productType = "com.apple.product-type.bundle.unit-test";
		};
/* End PBXNativeTarget section */

/* Begin PBXProject section */
		42165CC81B834D69004873D9 /* Project object */ = {
			isa = PBXProject;
			attributes = {
				LastUpgradeCheck = 0630;
				ORGANIZATIONNAME = Mohsin;
				TargetAttributes = {
					42165CCF1B834D69004873D9 = {
						CreatedOnToolsVersion = 6.3.1;
					};
					42165CE41B834D69004873D9 = {
						CreatedOnToolsVersion = 6.3.1;
						TestTargetID = 42165CCF1B834D69004873D9;
					};
				};
			};
			buildConfigurationList = 42165CCB1B834D69004873D9 /* Build configuration list for PBXProject "VideoOverlayAnimation" */;
			compatibilityVersion = "Xcode 3.2";
			developmentRegion = English;
			hasScannedForEncodings = 0;
			knownRegions = (
				en,
				Base,
			);
			mainGroup = 42165CC71B834D69004873D9;
			productRefGroup = 42165CD11B834D69004873D9 /* Products */;
			projectDirPath = "";
			projectRoot = "";
			targets = (
				42165CCF1B834D69004873D9 /* VideoOverlayAnimation */,
				42165CE41B834D69004873D9 /* VideoOverlayAnimationTests */,
			);
		};
/* End PBXProject section */

/* Begin PBXResourcesBuildPhase section */
		42165CCE1B834D69004873D9 /* Resources */ = {
			isa = PBXResourcesBuildPhase;
			buildActionMask = 2147483647;
			files = (
				42165CF61B835622004873D9 /* sample.mp4 in Resources */,
				421229C91B849C6600A5EC3E /* fairy.gif in Resources */,
				42165CDB1B834D69004873D9 /* Main.storyboard in Resources */,
				421229D21B84E41400A5EC3E /* Record.png in Resources */,
				4233470F1B860E6500D3293D /* glow.png in Resources */,
				42165CE01B834D69004873D9 /* LaunchScreen.xib in Resources */,
				421229D61B84EA9E00A5EC3E /* sampleAudio.mp3 in Resources */,
				42165CDD1B834D69004873D9 /* Images.xcassets in Resources */,
			);
			runOnlyForDeploymentPostprocessing = 0;
		};
		42165CE31B834D69004873D9 /* Resources */ = {
			isa = PBXResourcesBuildPhase;
			buildActionMask = 2147483647;
			files = (
			);
			runOnlyForDeploymentPostprocessing = 0;
		};
/* End PBXResourcesBuildPhase section */

/* Begin PBXSourcesBuildPhase section */
		42165CCC1B834D69004873D9 /* Sources */ = {
			isa = PBXSourcesBuildPhase;
			buildActionMask = 2147483647;
			files = (
				423347111B86218600D3293D /* TFFairyDust.swift in Sources */,
				42165CD81B834D69004873D9 /* ViewController.swift in Sources */,
				42165CD61B834D69004873D9 /* AppDelegate.swift in Sources */,
				42165CF81B835BE1004873D9 /* AudioVideoMerge.swift in Sources */,
				4233470D1B85D38700D3293D /* FairyAnimationVC.swift in Sources */,
				421229CD1B84CA8600A5EC3E /* VideoOverlay.swift in Sources */,
				421229CB1B84B31100A5EC3E /* Functions.swift in Sources */,
			);
			runOnlyForDeploymentPostprocessing = 0;
		};
		42165CE11B834D69004873D9 /* Sources */ = {
			isa = PBXSourcesBuildPhase;
			buildActionMask = 2147483647;
			files = (
				42165CEC1B834D69004873D9 /* VideoOverlayAnimationTests.swift in Sources */,
			);
			runOnlyForDeploymentPostprocessing = 0;
		};
/* End PBXSourcesBuildPhase section */

/* Begin PBXTargetDependency section */
		42165CE71B834D69004873D9 /* PBXTargetDependency */ = {
			isa = PBXTargetDependency;
			target = 42165CCF1B834D69004873D9 /* VideoOverlayAnimation */;
			targetProxy = 42165CE61B834D69004873D9 /* PBXContainerItemProxy */;
		};
/* End PBXTargetDependency section */

/* Begin PBXVariantGroup section */
		42165CD91B834D69004873D9 /* Main.storyboard */ = {
			isa = PBXVariantGroup;
			children = (
				42165CDA1B834D69004873D9 /* Base */,
			);
			name = Main.storyboard;
			sourceTree = "<group>";
		};
		42165CDE1B834D69004873D9 /* LaunchScreen.xib */ = {
			isa = PBXVariantGroup;
			children = (
				42165CDF1B834D69004873D9 /* Base */,
			);
			name = LaunchScreen.xib;
			sourceTree = "<group>";
		};
/* End PBXVariantGroup section */

/* Begin XCBuildConfiguration section */
		42165CED1B834D69004873D9 /* Debug */ = {
			isa = XCBuildConfiguration;
			buildSettings = {
				ALWAYS_SEARCH_USER_PATHS = NO;
				CLANG_CXX_LANGUAGE_STANDARD = "gnu++0x";
				CLANG_CXX_LIBRARY = "libc++";
				CLANG_ENABLE_MODULES = YES;
				CLANG_ENABLE_OBJC_ARC = YES;
				CLANG_WARN_BOOL_CONVERSION = YES;
				CLANG_WARN_CONSTANT_CONVERSION = YES;
				CLANG_WARN_DIRECT_OBJC_ISA_USAGE = YES_ERROR;
				CLANG_WARN_EMPTY_BODY = YES;
				CLANG_WARN_ENUM_CONVERSION = YES;
				CLANG_WARN_INT_CONVERSION = YES;
				CLANG_WARN_OBJC_ROOT_CLASS = YES_ERROR;
				CLANG_WARN_UNREACHABLE_CODE = YES;
				CLANG_WARN__DUPLICATE_METHOD_MATCH = YES;
				"CODE_SIGN_IDENTITY[sdk=iphoneos*]" = "iPhone Developer";
				COPY_PHASE_STRIP = NO;
				DEBUG_INFORMATION_FORMAT = "dwarf-with-dsym";
				ENABLE_STRICT_OBJC_MSGSEND = YES;
				GCC_C_LANGUAGE_STANDARD = gnu99;
				GCC_DYNAMIC_NO_PIC = NO;
				GCC_NO_COMMON_BLOCKS = YES;
				GCC_OPTIMIZATION_LEVEL = 0;
				GCC_PREPROCESSOR_DEFINITIONS = (
					"DEBUG=1",
					"$(inherited)",
				);
				GCC_SYMBOLS_PRIVATE_EXTERN = NO;
				GCC_WARN_64_TO_32_BIT_CONVERSION = YES;
				GCC_WARN_ABOUT_RETURN_TYPE = YES_ERROR;
				GCC_WARN_UNDECLARED_SELECTOR = YES;
				GCC_WARN_UNINITIALIZED_AUTOS = YES_AGGRESSIVE;
				GCC_WARN_UNUSED_FUNCTION = YES;
				GCC_WARN_UNUSED_VARIABLE = YES;
				IPHONEOS_DEPLOYMENT_TARGET = 8.3;
				MTL_ENABLE_DEBUG_INFO = YES;
				ONLY_ACTIVE_ARCH = YES;
				SDKROOT = iphoneos;
				SWIFT_OPTIMIZATION_LEVEL = "-Onone";
			};
			name = Debug;
		};
		42165CEE1B834D69004873D9 /* Release */ = {
			isa = XCBuildConfiguration;
			buildSettings = {
				ALWAYS_SEARCH_USER_PATHS = NO;
				CLANG_CXX_LANGUAGE_STANDARD = "gnu++0x";
				CLANG_CXX_LIBRARY = "libc++";
				CLANG_ENABLE_MODULES = YES;
				CLANG_ENABLE_OBJC_ARC = YES;
				CLANG_WARN_BOOL_CONVERSION = YES;
				CLANG_WARN_CONSTANT_CONVERSION = YES;
				CLANG_WARN_DIRECT_OBJC_ISA_USAGE = YES_ERROR;
				CLANG_WARN_EMPTY_BODY = YES;
				CLANG_WARN_ENUM_CONVERSION = YES;
				CLANG_WARN_INT_CONVERSION = YES;
				CLANG_WARN_OBJC_ROOT_CLASS = YES_ERROR;
				CLANG_WARN_UNREACHABLE_CODE = YES;
				CLANG_WARN__DUPLICATE_METHOD_MATCH = YES;
				"CODE_SIGN_IDENTITY[sdk=iphoneos*]" = "iPhone Developer";
				COPY_PHASE_STRIP = NO;
				DEBUG_INFORMATION_FORMAT = "dwarf-with-dsym";
				ENABLE_NS_ASSERTIONS = NO;
				ENABLE_STRICT_OBJC_MSGSEND = YES;
				GCC_C_LANGUAGE_STANDARD = gnu99;
				GCC_NO_COMMON_BLOCKS = YES;
				GCC_WARN_64_TO_32_BIT_CONVERSION = YES;
				GCC_WARN_ABOUT_RETURN_TYPE = YES_ERROR;
				GCC_WARN_UNDECLARED_SELECTOR = YES;
				GCC_WARN_UNINITIALIZED_AUTOS = YES_AGGRESSIVE;
				GCC_WARN_UNUSED_FUNCTION = YES;
				GCC_WARN_UNUSED_VARIABLE = YES;
				IPHONEOS_DEPLOYMENT_TARGET = 8.3;
				MTL_ENABLE_DEBUG_INFO = NO;
				SDKROOT = iphoneos;
				VALIDATE_PRODUCT = YES;
			};
			name = Release;
		};
		42165CF01B834D69004873D9 /* Debug */ = {
			isa = XCBuildConfiguration;
			buildSettings = {
				ASSETCATALOG_COMPILER_APPICON_NAME = AppIcon;
				ASSETCATALOG_COMPILER_LAUNCHIMAGE_NAME = LaunchImage;
				INFOPLIST_FILE = VideoOverlayAnimation/Info.plist;
				IPHONEOS_DEPLOYMENT_TARGET = 7.1;
				LD_RUNPATH_SEARCH_PATHS = "$(inherited) @executable_path/Frameworks";
				PRODUCT_NAME = "$(TARGET_NAME)";
			};
			name = Debug;
		};
		42165CF11B834D69004873D9 /* Release */ = {
			isa = XCBuildConfiguration;
			buildSettings = {
				ASSETCATALOG_COMPILER_APPICON_NAME = AppIcon;
				ASSETCATALOG_COMPILER_LAUNCHIMAGE_NAME = LaunchImage;
				INFOPLIST_FILE = VideoOverlayAnimation/Info.plist;
				IPHONEOS_DEPLOYMENT_TARGET = 7.1;
				LD_RUNPATH_SEARCH_PATHS = "$(inherited) @executable_path/Frameworks";
				PRODUCT_NAME = "$(TARGET_NAME)";
			};
			name = Release;
		};
		42165CF31B834D69004873D9 /* Debug */ = {
			isa = XCBuildConfiguration;
			buildSettings = {
				BUNDLE_LOADER = "$(TEST_HOST)";
				FRAMEWORK_SEARCH_PATHS = (
					"$(SDKROOT)/Developer/Library/Frameworks",
					"$(inherited)",
				);
				GCC_PREPROCESSOR_DEFINITIONS = (
					"DEBUG=1",
					"$(inherited)",
				);
				INFOPLIST_FILE = VideoOverlayAnimationTests/Info.plist;
				LD_RUNPATH_SEARCH_PATHS = "$(inherited) @executable_path/Frameworks @loader_path/Frameworks";
				PRODUCT_NAME = "$(TARGET_NAME)";
				TEST_HOST = "$(BUILT_PRODUCTS_DIR)/VideoOverlayAnimation.app/VideoOverlayAnimation";
			};
			name = Debug;
		};
		42165CF41B834D69004873D9 /* Release */ = {
			isa = XCBuildConfiguration;
			buildSettings = {
				BUNDLE_LOADER = "$(TEST_HOST)";
				FRAMEWORK_SEARCH_PATHS = (
					"$(SDKROOT)/Developer/Library/Frameworks",
					"$(inherited)",
				);
				INFOPLIST_FILE = VideoOverlayAnimationTests/Info.plist;
				LD_RUNPATH_SEARCH_PATHS = "$(inherited) @executable_path/Frameworks @loader_path/Frameworks";
				PRODUCT_NAME = "$(TARGET_NAME)";
				TEST_HOST = "$(BUILT_PRODUCTS_DIR)/VideoOverlayAnimation.app/VideoOverlayAnimation";
			};
			name = Release;
		};
/* End XCBuildConfiguration section */

/* Begin XCConfigurationList section */
		42165CCB1B834D69004873D9 /* Build configuration list for PBXProject "VideoOverlayAnimation" */ = {
			isa = XCConfigurationList;
			buildConfigurations = (
				42165CED1B834D69004873D9 /* Debug */,
				42165CEE1B834D69004873D9 /* Release */,
			);
			defaultConfigurationIsVisible = 0;
			defaultConfigurationName = Release;
		};
		42165CEF1B834D69004873D9 /* Build configuration list for PBXNativeTarget "VideoOverlayAnimation" */ = {
			isa = XCConfigurationList;
			buildConfigurations = (
				42165CF01B834D69004873D9 /* Debug */,
				42165CF11B834D69004873D9 /* Release */,
			);
			defaultConfigurationIsVisible = 0;
			defaultConfigurationName = Release;
		};
		42165CF21B834D69004873D9 /* Build configuration list for PBXNativeTarget "VideoOverlayAnimationTests" */ = {
			isa = XCConfigurationList;
			buildConfigurations = (
				42165CF31B834D69004873D9 /* Debug */,
				42165CF41B834D69004873D9 /* Release */,
			);
			defaultConfigurationIsVisible = 0;
			defaultConfigurationName = Release;
		};
/* End XCConfigurationList section */
	};
	rootObject = 42165CC81B834D69004873D9 /* Project object */;
}
